
Microsoft Visual Studio Solution File, Format Version 11.00
# Visual Studio 2010
Project("{FAE04EC0-301F-11D3-BF4B-00C04F79EFBC}") = "HaveAVoice", "HaveAVoice\HaveAVoice.csproj", "{0ADBB9E5-A775-41B0-9247-BBF8A701FA18}"
EndProject
Project("{FAE04EC0-301F-11D3-BF4B-00C04F79EFBC}") = "HaveAVoice.Tests", "HaveAVoice.Tests\HaveAVoice.Tests.csproj", "{3A8FA171-CFF4-46C4-963F-064C9022A3DB}"
EndProject
Project("{FAE04EC0-301F-11D3-BF4B-00C04F79EFBC}") = "User", "User\User.csproj", "{1765CF75-9243-4BA7-8399-3D30614C6006}"
EndProject
Project("{FAE04EC0-301F-11D3-BF4B-00C04F79EFBC}") = "Friend", "Friend\Friend.csproj", "{5BB2B446-431B-4D66-8A7A-2A6F64E35492}"
EndProject
Project("{FAE04EC0-301F-11D3-BF4B-00C04F79EFBC}") = "Admin", "Admin\Admin.csproj", "{F6ECA5A8-34DB-4218-8D99-56FFDA3A3DF8}"
EndProject
Project("{FAE04EC0-301F-11D3-BF4B-00C04F79EFBC}") = "Validation", "Validation\Validation.csproj", "{3A71D0D2-1A14-4E7B-9AA7-7945B3408528}"
EndProject
Project("{FAE04EC0-301F-11D3-BF4B-00C04F79EFBC}") = "Generic", "Generic\Generic.csproj", "{E75FF555-CD9D-42B4-9D4D-07955F5629B3}"
EndProject
Project("{FAE04EC0-301F-11D3-BF4B-00C04F79EFBC}") = "Messaging", "Messaging\Messaging.csproj", "{AC9BB02F-5404-4791-B2D6-C24BA825CC60}"
EndProject
Project("{FAE04EC0-301F-11D3-BF4B-00C04F79EFBC}") = "Photo", "Photo\Photo.csproj", "{552FC1DE-F722-4ADF-B887-1AB0C2B6DEE0}"
EndProject
Project("{FAE04EC0-301F-11D3-BF4B-00C04F79EFBC}") = "Board", "Board\Board.csproj", "{755E3949-7FFD-44DC-84A2-639BA4BED8A2}"
EndProject
Project("{FAE04EC0-301F-11D3-BF4B-00C04F79EFBC}") = "Error", "Error\Error.csproj", "{C4E1209B-218E-4E1C-ACE0-8FF05B684C93}"
EndProject
Project("{FAE04EC0-301F-11D3-BF4B-00C04F79EFBC}") = "Email", "Email\Email.csproj", "{E1E6EFDF-E70F-4413-8C2D-E51A2F6310F2}"
EndProject
Project("{FAE04EC0-301F-11D3-BF4B-00C04F79EFBC}") = "UniversityOfMe", "UniversityOfMe\UniversityOfMe.csproj", "{74B93FED-83A7-4B67-B0F2-E64E90AB18DF}"
EndProject
Project("{FAE04EC0-301F-11D3-BF4B-00C04F79EFBC}") = "UniversityOfMe.Tests", "UniversityOfMe.Tests\UniversityOfMe.Tests.csproj", "{DB37DDC9-EA72-4723-8669-15607A767F79}"
EndProject
Project("{FAE04EC0-301F-11D3-BF4B-00C04F79EFBC}") = "Authentication", "Authentication\Authentication.csproj", "{7D365142-37D3-4397-90AC-5761FA085C01}"
EndProject
Global
	GlobalSection(SolutionConfigurationPlatforms) = preSolution
		Debug|Any CPU = Debug|Any CPU
		Release|Any CPU = Release|Any CPU
	EndGlobalSection
	GlobalSection(ProjectConfigurationPlatforms) = postSolution
		{0ADBB9E5-A775-41B0-9247-BBF8A701FA18}.Debug|Any CPU.ActiveCfg = Debug|Any CPU
		{0ADBB9E5-A775-41B0-9247-BBF8A701FA18}.Debug|Any CPU.Build.0 = Debug|Any CPU
		{0ADBB9E5-A775-41B0-9247-BBF8A701FA18}.Release|Any CPU.ActiveCfg = Release|Any CPU
		{0ADBB9E5-A775-41B0-9247-BBF8A701FA18}.Release|Any CPU.Build.0 = Release|Any CPU
		{3A8FA171-CFF4-46C4-963F-064C9022A3DB}.Debug|Any CPU.ActiveCfg = Debug|Any CPU
		{3A8FA171-CFF4-46C4-963F-064C9022A3DB}.Debug|Any CPU.Build.0 = Debug|Any CPU
		{3A8FA171-CFF4-46C4-963F-064C9022A3DB}.Release|Any CPU.ActiveCfg = Release|Any CPU
		{3A8FA171-CFF4-46C4-963F-064C9022A3DB}.Release|Any CPU.Build.0 = Release|Any CPU
		{1765CF75-9243-4BA7-8399-3D30614C6006}.Debug|Any CPU.ActiveCfg = Debug|Any CPU
		{1765CF75-9243-4BA7-8399-3D30614C6006}.Debug|Any CPU.Build.0 = Debug|Any CPU
		{1765CF75-9243-4BA7-8399-3D30614C6006}.Release|Any CPU.ActiveCfg = Release|Any CPU
		{1765CF75-9243-4BA7-8399-3D30614C6006}.Release|Any CPU.Build.0 = Release|Any CPU
		{5BB2B446-431B-4D66-8A7A-2A6F64E35492}.Debug|Any CPU.ActiveCfg = Debug|Any CPU
		{5BB2B446-431B-4D66-8A7A-2A6F64E35492}.Debug|Any CPU.Build.0 = Debug|Any CPU
		{5BB2B446-431B-4D66-8A7A-2A6F64E35492}.Release|Any CPU.ActiveCfg = Release|Any CPU
		{5BB2B446-431B-4D66-8A7A-2A6F64E35492}.Release|Any CPU.Build.0 = Release|Any CPU
		{F6ECA5A8-34DB-4218-8D99-56FFDA3A3DF8}.Debug|Any CPU.ActiveCfg = Debug|Any CPU
		{F6ECA5A8-34DB-4218-8D99-56FFDA3A3DF8}.Debug|Any CPU.Build.0 = Debug|Any CPU
		{F6ECA5A8-34DB-4218-8D99-56FFDA3A3DF8}.Release|Any CPU.ActiveCfg = Release|Any CPU
		{F6ECA5A8-34DB-4218-8D99-56FFDA3A3DF8}.Release|Any CPU.Build.0 = Release|Any CPU
		{3A71D0D2-1A14-4E7B-9AA7-7945B3408528}.Debug|Any CPU.ActiveCfg = Debug|Any CPU
		{3A71D0D2-1A14-4E7B-9AA7-7945B3408528}.Debug|Any CPU.Build.0 = Debug|Any CPU
		{3A71D0D2-1A14-4E7B-9AA7-7945B3408528}.Release|Any CPU.ActiveCfg = Release|Any CPU
		{3A71D0D2-1A14-4E7B-9AA7-7945B3408528}.Release|Any CPU.Build.0 = Release|Any CPU
		{E75FF555-CD9D-42B4-9D4D-07955F5629B3}.Debug|Any CPU.ActiveCfg = Debug|Any CPU
		{E75FF555-CD9D-42B4-9D4D-07955F5629B3}.Debug|Any CPU.Build.0 = Debug|Any CPU
		{E75FF555-CD9D-42B4-9D4D-07955F5629B3}.Release|Any CPU.ActiveCfg = Release|Any CPU
		{E75FF555-CD9D-42B4-9D4D-07955F5629B3}.Release|Any CPU.Build.0 = Release|Any CPU
		{AC9BB02F-5404-4791-B2D6-C24BA825CC60}.Debug|Any CPU.ActiveCfg = Debug|Any CPU
		{AC9BB02F-5404-4791-B2D6-C24BA825CC60}.Debug|Any CPU.Build.0 = Debug|Any CPU
		{AC9BB02F-5404-4791-B2D6-C24BA825CC60}.Release|Any CPU.ActiveCfg = Release|Any CPU
		{AC9BB02F-5404-4791-B2D6-C24BA825CC60}.Release|Any CPU.Build.0 = Release|Any CPU
		{552FC1DE-F722-4ADF-B887-1AB0C2B6DEE0}.Debug|Any CPU.ActiveCfg = Debug|Any CPU
		{552FC1DE-F722-4ADF-B887-1AB0C2B6DEE0}.Debug|Any CPU.Build.0 = Debug|Any CPU
		{552FC1DE-F722-4ADF-B887-1AB0C2B6DEE0}.Release|Any CPU.ActiveCfg = Release|Any CPU
		{552FC1DE-F722-4ADF-B887-1AB0C2B6DEE0}.Release|Any CPU.Build.0 = Release|Any CPU
		{755E3949-7FFD-44DC-84A2-639BA4BED8A2}.Debug|Any CPU.ActiveCfg = Debug|Any CPU
		{755E3949-7FFD-44DC-84A2-639BA4BED8A2}.Debug|Any CPU.Build.0 = Debug|Any CPU
		{755E3949-7FFD-44DC-84A2-639BA4BED8A2}.Release|Any CPU.ActiveCfg = Release|Any CPU
		{755E3949-7FFD-44DC-84A2-639BA4BED8A2}.Release|Any CPU.Build.0 = Release|Any CPU
		{C4E1209B-218E-4E1C-ACE0-8FF05B684C93}.Debug|Any CPU.ActiveCfg = Debug|Any CPU
		{C4E1209B-218E-4E1C-ACE0-8FF05B684C93}.Debug|Any CPU.Build.0 = Debug|Any CPU
		{C4E1209B-218E-4E1C-ACE0-8FF05B684C93}.Release|Any CPU.ActiveCfg = Release|Any CPU
		{C4E1209B-218E-4E1C-ACE0-8FF05B684C93}.Release|Any CPU.Build.0 = Release|Any CPU
		{E1E6EFDF-E70F-4413-8C2D-E51A2F6310F2}.Debug|Any CPU.ActiveCfg = Debug|Any CPU
		{E1E6EFDF-E70F-4413-8C2D-E51A2F6310F2}.Debug|Any CPU.Build.0 = Debug|Any CPU
		{E1E6EFDF-E70F-4413-8C2D-E51A2F6310F2}.Release|Any CPU.ActiveCfg = Release|Any CPU
		{E1E6EFDF-E70F-4413-8C2D-E51A2F6310F2}.Release|Any CPU.Build.0 = Release|Any CPU
		{74B93FED-83A7-4B67-B0F2-E64E90AB18DF}.Debug|Any CPU.ActiveCfg = Debug|Any CPU
		{74B93FED-83A7-4B67-B0F2-E64E90AB18DF}.Debug|Any CPU.Build.0 = Debug|Any CPU
		{74B93FED-83A7-4B67-B0F2-E64E90AB18DF}.Release|Any CPU.ActiveCfg = Release|Any CPU
		{74B93FED-83A7-4B67-B0F2-E64E90AB18DF}.Release|Any CPU.Build.0 = Release|Any CPU
		{DB37DDC9-EA72-4723-8669-15607A767F79}.Debug|Any CPU.ActiveCfg = Debug|Any CPU
		{DB37DDC9-EA72-4723-8669-15607A767F79}.Debug|Any CPU.Build.0 = Debug|Any CPU
		{DB37DDC9-EA72-4723-8669-15607A767F79}.Release|Any CPU.ActiveCfg = Release|Any CPU
		{DB37DDC9-EA72-4723-8669-15607A767F79}.Release|Any CPU.Build.0 = Release|Any CPU
		{7D365142-37D3-4397-90AC-5761FA085C01}.Debug|Any CPU.ActiveCfg = Debug|Any CPU
		{7D365142-37D3-4397-90AC-5761FA085C01}.Debug|Any CPU.Build.0 = Debug|Any CPU
		{7D365142-37D3-4397-90AC-5761FA085C01}.Release|Any CPU.ActiveCfg = Release|Any CPU
		{7D365142-37D3-4397-90AC-5761FA085C01}.Release|Any CPU.Build.0 = Release|Any CPU
	EndGlobalSection
	GlobalSection(SolutionProperties) = preSolution
		HideSolutionNode = FALSE
	EndGlobalSection
EndGlobal
